anyio==4.15.1
certifi==2026.7.22
cffi==2.1.1
charset-normalizer==3.5.2
click==8.5.0
colorama==0.4.6
filelock==4.0.12
fsspec==2026.9.0
h11==0.16.0
hf-xet==1.7.0
httpcore2==2.13.1
httpx2==2.13.1
huggingface_hub==2.2.0
idna==3.20
numpy==2.5.3
packaging==26.3
pycparser==3.1
pynput==1.8.2
PyQt6==6.11.0
PyQt6-Qt6==6.11.2
PyQt6_sip==13.13.0
PyYAML==6.0.3
requests==2.34.2
sherpa-onnx-core==1.13.8
sherpa_onnx==1.13.8
six==1.17.0
sounddevice==0.5.6
soundfile==0.14.0
tqdm==4.70.1
truststore==0.10.4
typing_extensions==4.16.0
urllib3==2.8.0
